
Microsoft Visual Studio Solution File, Format Version 12.00
# Visual Studio Version 17
VisualStudioVersion = 17.14.36908.2 d17.14
MinimumVisualStudioVersion = 10.0.40219.1
Project("{FAE04EC0-301F-11D3-BF4B-00C04F79EFBC}") = "Comp235MVCFinal", "Comp235MVCFinal.csproj", "{38B38847-8210-47C8-90C0-37C787C04768}"
EndProject
Global
	GlobalSection(SolutionConfigurationPlatforms) = preSolution
		Debug|Any CPU = Debug|Any CPU
		Release|Any CPU = Release|Any CPU
	EndGlobalSection
	GlobalSection(ProjectConfigurationPlatforms) = postSolution
		{38B38847-8210-47C8-90C0-37C787C04768}.Debug|Any CPU.ActiveCfg = Debug|Any CPU
		{38B38847-8210-47C8-90C0-37C787C04768}.Debug|Any CPU.Build.0 = Debug|Any CPU
		{38B38847-8210-47C8-90C0-37C787C04768}.Release|Any CPU.ActiveCfg = Release|Any CPU
		{38B38847-8210-47C8-90C0-37C787C04768}.Release|Any CPU.Build.0 = Release|Any CPU
	EndGlobalSection
	GlobalSection(SolutionProperties) = preSolution
		HideSolutionNode = FALSE
	EndGlobalSection
	GlobalSection(ExtensibilityGlobals) = postSolution
		SolutionGuid = {0F7FCB5C-E2A6-4C5F-8756-09765A8E1243}
	EndGlobalSection
EndGlobal
